
Microsoft Visual Studio Solution File, Format Version 12.00
# Visual Studio 14
VisualStudioVersion = 14.0.25420.1
MinimumVisualStudioVersion = 10.0.40219.1
Project("{FAE04EC0-301F-11D3-BF4B-00C04F79EFBC}") = "CMPE2300_Lab01", "CMPE2300_Lab01\CMPE2300_Lab01.csproj", "{6000CA0D-8FD1-4A52-B047-124F8E884B20}"
EndProject
Global
	GlobalSection(SolutionConfigurationPlatforms) = preSolution
		Debug|Any CPU = Debug|Any CPU
		Release|Any CPU = Release|Any CPU
	EndGlobalSection
	GlobalSection(ProjectConfigurationPlatforms) = postSolution
		{6000CA0D-8FD1-4A52-B047-124F8E884B20}.Debug|Any CPU.ActiveCfg = Debug|Any CPU
		{6000CA0D-8FD1-4A52-B047-124F8E884B20}.Debug|Any CPU.Build.0 = Debug|Any CPU
		{6000CA0D-8FD1-4A52-B047-124F8E884B20}.Release|Any CPU.ActiveCfg = Release|Any CPU
		{6000CA0D-8FD1-4A52-B047-124F8E884B20}.Release|Any CPU.Build.0 = Release|Any CPU
	EndGlobalSection
	GlobalSection(SolutionProperties) = preSolution
		HideSolutionNode = FALSE
	EndGlobalSection
EndGlobal
